
Microsoft Visual Studio Solution File, Format Version 12.00
# Visual Studio Version 16
VisualStudioVersion = 16.0.30717.126
MinimumVisualStudioVersion = 10.0.40219.1
Project("{FAE04EC0-301F-11D3-BF4B-00C04F79EFBC}") = "GamesSystem", "GamesSystem\GamesSystem.csproj", "{BEA9B5E0-F7C7-41F3-9B20-00BC41CAB318}"
EndProject
Global
	GlobalSection(SolutionConfigurationPlatforms) = preSolution
		Debug|Any CPU = Debug|Any CPU
		Release|Any CPU = Release|Any CPU
	EndGlobalSection
	GlobalSection(ProjectConfigurationPlatforms) = postSolution
		{BEA9B5E0-F7C7-41F3-9B20-00BC41CAB318}.Debug|Any CPU.ActiveCfg = Debug|Any CPU
		{BEA9B5E0-F7C7-41F3-9B20-00BC41CAB318}.Debug|Any CPU.Build.0 = Debug|Any CPU
		{BEA9B5E0-F7C7-41F3-9B20-00BC41CAB318}.Release|Any CPU.ActiveCfg = Release|Any CPU
		{BEA9B5E0-F7C7-41F3-9B20-00BC41CAB318}.Release|Any CPU.Build.0 = Release|Any CPU
	EndGlobalSection
	GlobalSection(SolutionProperties) = preSolution
		HideSolutionNode = FALSE
	EndGlobalSection
	GlobalSection(ExtensibilityGlobals) = postSolution
		SolutionGuid = {0EF61E39-4659-4F7B-A7C2-FEC42B485186}
	EndGlobalSection
EndGlobal
